
Microsoft Visual Studio Solution File, Format Version 12.00
# Visual Studio 14
VisualStudioVersion = 14.0.25420.1
MinimumVisualStudioVersion = 10.0.40219.1
Project("{FAE04EC0-301F-11D3-BF4B-00C04F79EFBC}") = "FlagCalculator", "FlagCalculator\FlagCalculator.csproj", "{7E184559-E48A-4ECA-932C-72EAA0B06C12}"
	ProjectSection(ProjectDependencies) = postProject
		{324D12B0-DD5B-495C-8970-C93FC144FD28} = {324D12B0-DD5B-495C-8970-C93FC144FD28}
	EndProjectSection
EndProject
Project("{FAE04EC0-301F-11D3-BF4B-00C04F79EFBC}") = "ExampleData", "ExampleData\ExampleData.csproj", "{324D12B0-DD5B-495C-8970-C93FC144FD28}"
EndProject
Project("{FAE04EC0-301F-11D3-BF4B-00C04F79EFBC}") = "AssemblyBrowse", "AssemblyBrowse\AssemblyBrowse.csproj", "{C5A5BC39-0BC8-45DC-99FC-C6694B2D25A4}"
EndProject
Project("{FAE04EC0-301F-11D3-BF4B-00C04F79EFBC}") = "FlagCalculator.Tests", "FlagCalculator.Tests\FlagCalculator.Tests.csproj", "{EC1019BC-0431-4AA3-BE04-0B7685E4C578}"
EndProject
Global
	GlobalSection(SolutionConfigurationPlatforms) = preSolution
		Debug|Any CPU = Debug|Any CPU
		Release|Any CPU = Release|Any CPU
	EndGlobalSection
	GlobalSection(ProjectConfigurationPlatforms) = postSolution
		{7E184559-E48A-4ECA-932C-72EAA0B06C12}.Debug|Any CPU.ActiveCfg = Debug|Any CPU
		{7E184559-E48A-4ECA-932C-72EAA0B06C12}.Debug|Any CPU.Build.0 = Debug|Any CPU
		{7E184559-E48A-4ECA-932C-72EAA0B06C12}.Release|Any CPU.ActiveCfg = Release|Any CPU
		{7E184559-E48A-4ECA-932C-72EAA0B06C12}.Release|Any CPU.Build.0 = Release|Any CPU
		{324D12B0-DD5B-495C-8970-C93FC144FD28}.Debug|Any CPU.ActiveCfg = Debug|Any CPU
		{324D12B0-DD5B-495C-8970-C93FC144FD28}.Debug|Any CPU.Build.0 = Debug|Any CPU
		{324D12B0-DD5B-495C-8970-C93FC144FD28}.Release|Any CPU.ActiveCfg = Release|Any CPU
		{324D12B0-DD5B-495C-8970-C93FC144FD28}.Release|Any CPU.Build.0 = Release|Any CPU
		{C5A5BC39-0BC8-45DC-99FC-C6694B2D25A4}.Debug|Any CPU.ActiveCfg = Debug|Any CPU
		{C5A5BC39-0BC8-45DC-99FC-C6694B2D25A4}.Debug|Any CPU.Build.0 = Debug|Any CPU
		{C5A5BC39-0BC8-45DC-99FC-C6694B2D25A4}.Release|Any CPU.ActiveCfg = Release|Any CPU
		{C5A5BC39-0BC8-45DC-99FC-C6694B2D25A4}.Release|Any CPU.Build.0 = Release|Any CPU
		{EC1019BC-0431-4AA3-BE04-0B7685E4C578}.Debug|Any CPU.ActiveCfg = Debug|Any CPU
		{EC1019BC-0431-4AA3-BE04-0B7685E4C578}.Debug|Any CPU.Build.0 = Debug|Any CPU
		{EC1019BC-0431-4AA3-BE04-0B7685E4C578}.Release|Any CPU.ActiveCfg = Release|Any CPU
		{EC1019BC-0431-4AA3-BE04-0B7685E4C578}.Release|Any CPU.Build.0 = Release|Any CPU
	EndGlobalSection
	GlobalSection(SolutionProperties) = preSolution
		HideSolutionNode = FALSE
	EndGlobalSection
EndGlobal
